Microsoft Visual Studio Solution File, Format Version 12.00
# Visual Studio Version 17
VisualStudioVersion = 17.5.2.0
MinimumVisualStudioVersion = 10.0.40219.1
Project("{FAE04EC0-301F-11D3-BF4B-00C04F79EFBC}") = "ZinzotNet", "ZinzotNet\ZinzotNet.csproj", "{3FE921C4-3FE2-17BA-4F55-D8CAFC384693}"
EndProject
Project("{FAE04EC0-301F-11D3-BF4B-00C04F79EFBC}") = "ZinzotNet.Shared", "ZinzotNet.Shared\ZinzotNet.Shared.csproj", "{C7984598-3FBB-17E7-E41C-D8BA90AFD5B0}"
EndProject
Project("{FAE04EC0-301F-11D3-BF4B-00C04F79EFBC}") = "ZinzotNet.Web", "ZinzotNet.Web\ZinzotNet.Web.csproj", "{EFA91695-94C8-1561-7F6C-62F4856572DA}"
EndProject
Global
	GlobalSection(SolutionConfigurationPlatforms) = preSolution
		Debug|Any CPU = Debug|Any CPU
		Release|Any CPU = Release|Any CPU
	EndGlobalSection
	GlobalSection(ProjectConfigurationPlatforms) = postSolution
		{3FE921C4-3FE2-17BA-4F55-D8CAFC384693}.Debug|Any CPU.ActiveCfg = Debug|Any CPU
		{3FE921C4-3FE2-17BA-4F55-D8CAFC384693}.Debug|Any CPU.Build.0 = Debug|Any CPU
		{3FE921C4-3FE2-17BA-4F55-D8CAFC384693}.Release|Any CPU.ActiveCfg = Release|Any CPU
		{3FE921C4-3FE2-17BA-4F55-D8CAFC384693}.Release|Any CPU.Build.0 = Release|Any CPU
		{C7984598-3FBB-17E7-E41C-D8BA90AFD5B0}.Debug|Any CPU.ActiveCfg = Debug|Any CPU
		{C7984598-3FBB-17E7-E41C-D8BA90AFD5B0}.Debug|Any CPU.Build.0 = Debug|Any CPU
		{C7984598-3FBB-17E7-E41C-D8BA90AFD5B0}.Release|Any CPU.ActiveCfg = Release|Any CPU
		{C7984598-3FBB-17E7-E41C-D8BA90AFD5B0}.Release|Any CPU.Build.0 = Release|Any CPU
		{EFA91695-94C8-1561-7F6C-62F4856572DA}.Debug|Any CPU.ActiveCfg = Debug|Any CPU
		{EFA91695-94C8-1561-7F6C-62F4856572DA}.Debug|Any CPU.Build.0 = Debug|Any CPU
		{EFA91695-94C8-1561-7F6C-62F4856572DA}.Release|Any CPU.ActiveCfg = Release|Any CPU
		{EFA91695-94C8-1561-7F6C-62F4856572DA}.Release|Any CPU.Build.0 = Release|Any CPU
	EndGlobalSection
	GlobalSection(SolutionProperties) = preSolution
		HideSolutionNode = FALSE
	EndGlobalSection
	GlobalSection(ExtensibilityGlobals) = postSolution
		SolutionGuid = {8B180E0C-6DAD-4A59-9624-56E0F990A609}
	EndGlobalSection
EndGlobal
